
Microsoft Visual Studio Solution File, Format Version 12.00
# Visual Studio Version 16
VisualStudioVersion = 16.0.29215.179
MinimumVisualStudioVersion = 10.0.40219.1
Project("{8BC9CEB8-8B4A-11D0-8D11-00A0C91BC942}") = "PhantomDllHollower", "PhantomDllHollower.vcxproj", "{C5375FD1-4CEE-46F8-9331-995B60826E9E}"
EndProject
Global
	GlobalSection(SolutionConfigurationPlatforms) = preSolution
		Debug|x64 = Debug|x64
		Debug|x86 = Debug|x86
		Release|x64 = Release|x64
		Release|x86 = Release|x86
	EndGlobalSection
	GlobalSection(ProjectConfigurationPlatforms) = postSolution
		{C5375FD1-4CEE-46F8-9331-995B60826E9E}.Debug|x64.ActiveCfg = Debug|x64
		{C5375FD1-4CEE-46F8-9331-995B60826E9E}.Debug|x64.Build.0 = Debug|x64
		{C5375FD1-4CEE-46F8-9331-995B60826E9E}.Debug|x86.ActiveCfg = Debug|Win32
		{C5375FD1-4CEE-46F8-9331-995B60826E9E}.Debug|x86.Build.0 = Debug|Win32
		{C5375FD1-4CEE-46F8-9331-995B60826E9E}.Release|x64.ActiveCfg = Release|x64
		{C5375FD1-4CEE-46F8-9331-995B60826E9E}.Release|x64.Build.0 = Release|x64
		{C5375FD1-4CEE-46F8-9331-995B60826E9E}.Release|x86.ActiveCfg = Release|Win32
		{C5375FD1-4CEE-46F8-9331-995B60826E9E}.Release|x86.Build.0 = Release|Win32
	EndGlobalSection
	GlobalSection(SolutionProperties) = preSolution
		HideSolutionNode = FALSE
	EndGlobalSection
	GlobalSection(ExtensibilityGlobals) = postSolution
		SolutionGuid = {7C3BCAF6-9E99-49B4-AD8D-C7425C0D12F7}
	EndGlobalSection
EndGlobal
